{
  "name": "project",
  "lockfileVersion": 3,
  "requires": true,
  "packages": {
    "": {
      "dependencies": {
        "browser-fs-access": "^0.32.1",
        "three": "^0.149.0"
      }
    },
    "node_modules/browser-fs-access": {
      "version": "0.32.1",
      "resolved": "https://registry.npmjs.org/browser-fs-access/-/browser-fs-access-0.32.1.tgz",
      "integrity": "sha512-NGzbF/ZpAjmgJIS17rlBpv5kkoBzIAyALzT4GrJpj4OIZYQq3Gqrx8pube6mtfqksARw8YK40GpTZR2fKtFA4w=="
    },
    "node_modules/three": {
      "version": "0.149.0",
      "resolved": "https://registry.npmjs.org/three/-/three-0.149.0.tgz",
      "integrity": "sha512-tohpUxPDht0qExRLDTM8sjRLc5d9STURNrdnK3w9A+V4pxaTBfKWWT/IqtiLfg23Vfc3Z+ImNfvRw1/0CtxrkQ=="
    }
  }
}
